
Microsoft Visual Studio Solution File, Format Version 12.00
# Visual Studio Version 16
VisualStudioVersion = 16.0.30320.27
MinimumVisualStudioVersion = 10.0.40219.1
Project("{FAE04EC0-301F-11D3-BF4B-00C04F79EFBC}") = "ProjectClient", "ProjectClient\ProjectClient.csproj", "{BBFCF3CA-34C8-4852-A2C9-1C1274C0B4C7}"
EndProject
Global
	GlobalSection(SolutionConfigurationPlatforms) = preSolution
		Debug|Any CPU = Debug|Any CPU
		Release|Any CPU = Release|Any CPU
	EndGlobalSection
	GlobalSection(ProjectConfigurationPlatforms) = postSolution
		{BBFCF3CA-34C8-4852-A2C9-1C1274C0B4C7}.Debug|Any CPU.ActiveCfg = Debug|Any CPU
		{BBFCF3CA-34C8-4852-A2C9-1C1274C0B4C7}.Debug|Any CPU.Build.0 = Debug|Any CPU
		{BBFCF3CA-34C8-4852-A2C9-1C1274C0B4C7}.Release|Any CPU.ActiveCfg = Release|Any CPU
		{BBFCF3CA-34C8-4852-A2C9-1C1274C0B4C7}.Release|Any CPU.Build.0 = Release|Any CPU
	EndGlobalSection
	GlobalSection(SolutionProperties) = preSolution
		HideSolutionNode = FALSE
	EndGlobalSection
	GlobalSection(ExtensibilityGlobals) = postSolution
		SolutionGuid = {9D352F07-5243-4680-92D9-0375169AF9B6}
	EndGlobalSection
EndGlobal
